// !$*UTF8*$!
{
	archiveVersion = 1;
	classes = {
	};
	objectVersion = 46;
	objects = {

/* Begin PBXBuildFile section */
		41C83D681D099566005F605A /* main.m in Sources */ = {isa = PBXBuildFile; fileRef = 41C83D671D099566005F605A /* main.m */; };
		41C83D6B1D099566005F605A /* AppDelegate.m in Sources */ = {isa = PBXBuildFile; fileRef = 41C83D6A1D099566005F605A /* AppDelegate.m */; };
		41C83D6E1D099566005F605A /* ViewController.m in Sources */ = {isa = PBXBuildFile; fileRef = 41C83D6D1D099566005F605A /* ViewController.m */; };
		41C83D711D099566005F605A /* Main.storyboard in Resources */ = {isa = PBXBuildFile; fileRef = 41C83D6F1D099566005F605A /* Main.storyboard */; };
		41C83D731D099566005F605A /* Assets.xcassets in Resources */ = {isa = PBXBuildFile; fileRef = 41C83D721D099566005F605A /* Assets.xcassets */; };
		41C83D761D099566005F605A /* LaunchScreen.storyboard in Resources */ = {isa = PBXBuildFile; fileRef = 41C83D741D099566005F605A /* LaunchScreen.storyboard */; };
		41C83D811D0995B1005F605A /* BackgroundTask.m in Sources */ = {isa = PBXBuildFile; fileRef = 41C83D7E1D0995B1005F605A /* BackgroundTask.m */; };
		41C83D821D0995B1005F605A /* LocationService.m in Sources */ = {isa = PBXBuildFile; fileRef = 41C83D801D0995B1005F605A /* LocationService.m */; };
/* End PBXBuildFile section */

/* Begin PBXFileReference section */
		41C83D631D099566005F605A /* SensipleDeals.app */ = {isa = PBXFileReference; explicitFileType = wrapper.application; includeInIndex = 0; path = SensipleDeals.app; sourceTree = BUILT_PRODUCTS_DIR; };
		41C83D671D099566005F605A /* main.m */ = {isa = PBXFileReference; lastKnownFileType = sourcecode.c.objc; path = main.m; sourceTree = "<group>"; };
		41C83D691D099566005F605A /* AppDelegate.h */ = {isa = PBXFileReference; lastKnownFileType = sourcecode.c.h; path = AppDelegate.h; sourceTree = "<group>"; };
		41C83D6A1D099566005F605A /* AppDelegate.m */ = {isa = PBXFileReference; lastKnownFileType = sourcecode.c.objc; path = AppDelegate.m; sourceTree = "<group>"; };
		41C83D6C1D099566005F605A /* ViewController.h */ = {isa = PBXFileReference; lastKnownFileType = sourcecode.c.h; path = ViewController.h; sourceTree = "<group>"; };
		41C83D6D1D099566005F605A /* ViewController.m */ = {isa = PBXFileReference; lastKnownFileType = sourcecode.c.objc; path = ViewController.m; sourceTree = "<group>"; };
		41C83D701D099566005F605A /* Base */ = {isa = PBXFileReference; lastKnownFileType = file.storyboard; name = Base; path = Base.lproj/Main.storyboard; sourceTree = "<group>"; };
		41C83D721D099566005F605A /* Assets.xcassets */ = {isa = PBXFileReference; lastKnownFileType = folder.assetcatalog; path = Assets.xcassets; sourceTree = "<group>"; };
		41C83D751D099566005F605A /* Base */ = {isa = PBXFileReference; lastKnownFileType = file.storyboard; name = Base; path = Base.lproj/LaunchScreen.storyboard; sourceTree = "<group>"; };
		41C83D771D099566005F605A /* Info.plist */ = {isa = PBXFileReference; lastKnownFileType = text.plist.xml; path = Info.plist; sourceTree = "<group>"; };
		41C83D7D1D0995B1005F605A /* BackgroundTask.h */ = {isa = PBXFileReference; fileEncoding = 4; lastKnownFileType = sourcecode.c.h; path = BackgroundTask.h; sourceTree = "<group>"; };
		41C83D7E1D0995B1005F605A /* BackgroundTask.m */ = {isa = PBXFileReference; fileEncoding = 4; lastKnownFileType = sourcecode.c.objc; path = BackgroundTask.m; sourceTree = "<group>"; };
		41C83D7F1D0995B1005F605A /* LocationService.h */ = {isa = PBXFileReference; fileEncoding = 4; lastKnownFileType = sourcecode.c.h; path = LocationService.h; sourceTree = "<group>"; };
		41C83D801D0995B1005F605A /* LocationService.m */ = {isa = PBXFileReference; fileEncoding = 4; lastKnownFileType = sourcecode.c.objc; path = LocationService.m; sourceTree = "<group>"; };
/* End PBXFileReference section */

/* Begin PBXFrameworksBuildPhase section */
		41C83D601D099566005F605A /* Frameworks */ = {
			isa = PBXFrameworksBuildPhase;
			buildActionMask = 2147483647;
			files = (
			);
			runOnlyForDeploymentPostprocessing = 0;
		};
/* End PBXFrameworksBuildPhase section */

/* Begin PBXGroup section */
		41C83D5A1D099566005F605A = {
			isa = PBXGroup;
			children = (
				41C83D651D099566005F605A /* SensipleDeals */,
				41C83D641D099566005F605A /* Products */,
			);
			sourceTree = "<group>";
		};
		41C83D641D099566005F605A /* Products */ = {
			isa = PBXGroup;
			children = (
				41C83D631D099566005F605A /* SensipleDeals.app */,
			);
			name = Products;
			sourceTree = "<group>";
		};
		41C83D651D099566005F605A /* SensipleDeals */ = {
			isa = PBXGroup;
			children = (
				41C83D7D1D0995B1005F605A /* BackgroundTask.h */,
				41C83D7E1D0995B1005F605A /* BackgroundTask.m */,
				41C83D7F1D0995B1005F605A /* LocationService.h */,
				41C83D801D0995B1005F605A /* LocationService.m */,
				41C83D691D099566005F605A /* AppDelegate.h */,
				41C83D6A1D099566005F605A /* AppDelegate.m */,
				41C83D6C1D099566005F605A /* ViewController.h */,
				41C83D6D1D099566005F605A /* ViewController.m */,
				41C83D6F1D099566005F605A /* Main.storyboard */,
				41C83D721D099566005F605A /* Assets.xcassets */,
				41C83D741D099566005F605A /* LaunchScreen.storyboard */,
				41C83D771D099566005F605A /* Info.plist */,
				41C83D661D099566005F605A /* Supporting Files */,
			);
			path = SensipleDeals;
			sourceTree = "<group>";
		};
		41C83D661D099566005F605A /* Supporting Files */ = {
			isa = PBXGroup;
			children = (
				41C83D671D099566005F605A /* main.m */,
			);
			name = "Supporting Files";
			sourceTree = "<group>";
		};
/* End PBXGroup section */

/* Begin PBXNativeTarget section */
		41C83D621D099566005F605A /* SensipleDeals */ = {
			isa = PBXNativeTarget;
			buildConfigurationList = 41C83D7A1D099567005F605A /* Build configuration list for PBXNativeTarget "SensipleDeals" */;
			buildPhases = (
				41C83D5F1D099566005F605A /* Sources */,
				41C83D601D099566005F605A /* Frameworks */,
				41C83D611D099566005F605A /* Resources */,
			);
			buildRules = (
			);
			dependencies = (
			);
			name = SensipleDeals;
			productName = SensipleDeals;
			productReference = 41C83D631D099566005F605A /* SensipleDeals.app */;
			productType = "com.apple.product-type.application";
		};
/* End PBXNativeTarget section */

/* Begin PBXProject section */
		41C83D5B1D099566005F605A /* Project object */ = {
			isa = PBXProject;
			attributes = {
				LastUpgradeCheck = 0900;
				ORGANIZATIONNAME = sensiple;
				TargetAttributes = {
					41C83D621D099566005F605A = {
						CreatedOnToolsVersion = 7.3.1;
						DevelopmentTeam = V52ZV8Y64N;
						ProvisioningStyle = Automatic;
						SystemCapabilities = {
							com.apple.BackgroundModes = {
								enabled = 1;
							};
						};
					};
				};
			};
			buildConfigurationList = 41C83D5E1D099566005F605A /* Build configuration list for PBXProject "SensipleDeals" */;
			compatibilityVersion = "Xcode 3.2";
			developmentRegion = English;
			hasScannedForEncodings = 0;
			knownRegions = (
				en,
				Base,
			);
			mainGroup = 41C83D5A1D099566005F605A;
			productRefGroup = 41C83D641D099566005F605A /* Products */;
			projectDirPath = "";
			projectRoot = "";
			targets = (
				41C83D621D099566005F605A /* SensipleDeals */,
			);
		};
/* End PBXProject section */

/* Begin PBXResourcesBuildPhase section */
		41C83D611D099566005F605A /* Resources */ = {
			isa = PBXResourcesBuildPhase;
			buildActionMask = 2147483647;
			files = (
				41C83D761D099566005F605A /* LaunchScreen.storyboard in Resources */,
				41C83D731D099566005F605A /* Assets.xcassets in Resources */,
				41C83D711D099566005F605A /* Main.storyboard in Resources */,
			);
			runOnlyForDeploymentPostprocessing = 0;
		};
/* End PBXResourcesBuildPhase section */

/* Begin PBXSourcesBuildPhase section */
		41C83D5F1D099566005F605A /* Sources */ = {
			isa = PBXSourcesBuildPhase;
			buildActionMask = 2147483647;
			files = (
				41C83D821D0995B1005F605A /* LocationService.m in Sources */,
				41C83D6E1D099566005F605A /* ViewController.m in Sources */,
				41C83D6B1D099566005F605A /* AppDelegate.m in Sources */,
				41C83D811D0995B1005F605A /* BackgroundTask.m in Sources */,
				41C83D681D099566005F605A /* main.m in Sources */,
			);
			runOnlyForDeploymentPostprocessing = 0;
		};
/* End PBXSourcesBuildPhase section */

/* Begin PBXVariantGroup section */
		41C83D6F1D099566005F605A /* Main.storyboard */ = {
			isa = PBXVariantGroup;
			children = (
				41C83D701D099566005F605A /* Base */,
			);
			name = Main.storyboard;
			sourceTree = "<group>";
		};
		41C83D741D099566005F605A /* LaunchScreen.storyboard */ = {
			isa = PBXVariantGroup;
			children = (
				41C83D751D099566005F605A /* Base */,
			);
			name = LaunchScreen.storyboard;
			sourceTree = "<group>";
		};
/* End PBXVariantGroup section */

/* Begin XCBuildConfiguration section */
		41C83D781D099566005F605A /* Debug */ = {
			isa = XCBuildConfiguration;
			buildSettings = {
				ALWAYS_SEARCH_USER_PATHS = NO;
				CLANG_ANALYZER_NONNULL = YES;
				CLANG_CXX_LANGUAGE_STANDARD = "gnu++0x";
				CLANG_CXX_LIBRARY = "libc++";
				CLANG_ENABLE_MODULES = YES;
				CLANG_ENABLE_OBJC_ARC = YES;
				CLANG_WARN_BLOCK_CAPTURE_AUTORELEASING = YES;
				CLANG_WARN_BOOL_CONVERSION = YES;
				CLANG_WARN_COMMA = YES;
				CLANG_WARN_CONSTANT_CONVERSION = YES;
				CLANG_WARN_DIRECT_OBJC_ISA_USAGE = YES_ERROR;
				CLANG_WARN_EMPTY_BODY = YES;
				CLANG_WARN_ENUM_CONVERSION = YES;
				CLANG_WARN_INFINITE_RECURSION = YES;
				CLANG_WARN_INT_CONVERSION = YES;
				CLANG_WARN_NON_LITERAL_NULL_CONVERSION = YES;
				CLANG_WARN_OBJC_LITERAL_CONVERSION = YES;
				CLANG_WARN_OBJC_ROOT_CLASS = YES_ERROR;
				CLANG_WARN_RANGE_LOOP_ANALYSIS = YES;
				CLANG_WARN_STRICT_PROTOTYPES = YES;
				CLANG_WARN_SUSPICIOUS_MOVE = YES;
				CLANG_WARN_UNREACHABLE_CODE = YES;
				CLANG_WARN__DUPLICATE_METHOD_MATCH = YES;
				CODE_SIGN_IDENTITY = "iPhone Developer: Seshu Tanveer (A2H5NEN74Q)";
				"CODE_SIGN_IDENTITY[sdk=iphoneos*]" = "iPhone Developer: Seshu Tanveer (A2H5NEN74Q)";
				COPY_PHASE_STRIP = NO;
				DEBUG_INFORMATION_FORMAT = dwarf;
				ENABLE_STRICT_OBJC_MSGSEND = YES;
				ENABLE_TESTABILITY = YES;
				GCC_C_LANGUAGE_STANDARD = gnu99;
				GCC_DYNAMIC_NO_PIC = NO;
				GCC_NO_COMMON_BLOCKS = YES;
				GCC_OPTIMIZATION_LEVEL = 0;
				GCC_PREPROCESSOR_DEFINITIONS = (
					"DEBUG=1",
					"$(inherited)",
				);
				GCC_WARN_64_TO_32_BIT_CONVERSION = YES;
				GCC_WARN_ABOUT_RETURN_TYPE = YES_ERROR;
				GCC_WARN_UNDECLARED_SELECTOR = YES;
				GCC_WARN_UNINITIALIZED_AUTOS = YES_AGGRESSIVE;
				GCC_WARN_UNUSED_FUNCTION = YES;
				GCC_WARN_UNUSED_VARIABLE = YES;
				IPHONEOS_DEPLOYMENT_TARGET = 9.3;
				MTL_ENABLE_DEBUG_INFO = YES;
				ONLY_ACTIVE_ARCH = YES;
				PROVISIONING_PROFILE = "34b0b509-4bec-4718-9436-32bb753a93d3";
				SDKROOT = iphoneos;
				TARGETED_DEVICE_FAMILY = "1,2";
			};
			name = Debug;
		};
		41C83D791D099566005F605A /* Release */ = {
			isa = XCBuildConfiguration;
			buildSettings = {
				ALWAYS_SEARCH_USER_PATHS = NO;
				CLANG_ANALYZER_NONNULL = YES;
				CLANG_CXX_LANGUAGE_STANDARD = "gnu++0x";
				CLANG_CXX_LIBRARY = "libc++";
				CLANG_ENABLE_MODULES = YES;
				CLANG_ENABLE_OBJC_ARC = YES;
				CLANG_WARN_BLOCK_CAPTURE_AUTORELEASING = YES;
				CLANG_WARN_BOOL_CONVERSION = YES;
				CLANG_WARN_COMMA = YES;
				CLANG_WARN_CONSTANT_CONVERSION = YES;
				CLANG_WARN_DIRECT_OBJC_ISA_USAGE = YES_ERROR;
				CLANG_WARN_EMPTY_BODY = YES;
				CLANG_WARN_ENUM_CONVERSION = YES;
				CLANG_WARN_INFINITE_RECURSION = YES;
				CLANG_WARN_INT_CONVERSION = YES;
				CLANG_WARN_NON_LITERAL_NULL_CONVERSION = YES;
				CLANG_WARN_OBJC_LITERAL_CONVERSION = YES;
				CLANG_WARN_OBJC_ROOT_CLASS = YES_ERROR;
				CLANG_WARN_RANGE_LOOP_ANALYSIS = YES;
				CLANG_WARN_STRICT_PROTOTYPES = YES;
				CLANG_WARN_SUSPICIOUS_MOVE = YES;
				CLANG_WARN_UNREACHABLE_CODE = YES;
				CLANG_WARN__DUPLICATE_METHOD_MATCH = YES;
				CODE_SIGN_IDENTITY = "iPhone Developer: Seshu Tanveer (A2H5NEN74Q)";
				"CODE_SIGN_IDENTITY[sdk=iphoneos*]" = "iPhone Developer: Seshu Tanveer (A2H5NEN74Q)";
				COPY_PHASE_STRIP = NO;
				DEBUG_INFORMATION_FORMAT = "dwarf-with-dsym";
				ENABLE_NS_ASSERTIONS = NO;
				ENABLE_STRICT_OBJC_MSGSEND = YES;
				GCC_C_LANGUAGE_STANDARD = gnu99;
				GCC_NO_COMMON_BLOCKS = YES;
				GCC_WARN_64_TO_32_BIT_CONVERSION = YES;
				GCC_WARN_ABOUT_RETURN_TYPE = YES_ERROR;
				GCC_WARN_UNDECLARED_SELECTOR = YES;
				GCC_WARN_UNINITIALIZED_AUTOS = YES_AGGRESSIVE;
				GCC_WARN_UNUSED_FUNCTION = YES;
				GCC_WARN_UNUSED_VARIABLE = YES;
				IPHONEOS_DEPLOYMENT_TARGET = 9.3;
				MTL_ENABLE_DEBUG_INFO = NO;
				PROVISIONING_PROFILE = "34b0b509-4bec-4718-9436-32bb753a93d3";
				SDKROOT = iphoneos;
				TARGETED_DEVICE_FAMILY = "1,2";
				VALIDATE_PRODUCT = YES;
			};
			name = Release;
		};
		41C83D7B1D099567005F605A /* Debug */ = {
			isa = XCBuildConfiguration;
			buildSettings = {
				ASSETCATALOG_COMPILER_APPICON_NAME = AppIcon;
				CODE_SIGN_IDENTITY = "iPhone Developer: Seshu Tanveer (A2H5NEN74Q)";
				"CODE_SIGN_IDENTITY[sdk=iphoneos*]" = "iPhone Developer";
				CODE_SIGN_STYLE = Automatic;
				DEVELOPMENT_TEAM = V52ZV8Y64N;
				INFOPLIST_FILE = SensipleDeals/Info.plist;
				LD_RUNPATH_SEARCH_PATHS = "$(inherited) @executable_path/Frameworks";
				PRODUCT_BUNDLE_IDENTIFIER = com.sensiple.sensipledeals;
				PRODUCT_NAME = "$(TARGET_NAME)";
				PROVISIONING_PROFILE = "";
				PROVISIONING_PROFILE_SPECIFIER = "";
			};
			name = Debug;
		};
		41C83D7C1D099567005F605A /* Release */ = {
			isa = XCBuildConfiguration;
			buildSettings = {
				ASSETCATALOG_COMPILER_APPICON_NAME = AppIcon;
				CODE_SIGN_IDENTITY = "iPhone Developer: Seshu Tanveer (A2H5NEN74Q)";
				"CODE_SIGN_IDENTITY[sdk=iphoneos*]" = "iPhone Developer";
				CODE_SIGN_STYLE = Automatic;
				DEVELOPMENT_TEAM = V52ZV8Y64N;
				INFOPLIST_FILE = SensipleDeals/Info.plist;
				LD_RUNPATH_SEARCH_PATHS = "$(inherited) @executable_path/Frameworks";
				PRODUCT_BUNDLE_IDENTIFIER = com.sensiple.sensipledeals;
				PRODUCT_NAME = "$(TARGET_NAME)";
				PROVISIONING_PROFILE = "";
				PROVISIONING_PROFILE_SPECIFIER = "";
			};
			name = Release;
		};
/* End XCBuildConfiguration section */

/* Begin XCConfigurationList section */
		41C83D5E1D099566005F605A /* Build configuration list for PBXProject "SensipleDeals" */ = {
			isa = XCConfigurationList;
			buildConfigurations = (
				41C83D781D099566005F605A /* Debug */,
				41C83D791D099566005F605A /* Release */,
			);
			defaultConfigurationIsVisible = 0;
			defaultConfigurationName = Release;
		};
		41C83D7A1D099567005F605A /* Build configuration list for PBXNativeTarget "SensipleDeals" */ = {
			isa = XCConfigurationList;
			buildConfigurations = (
				41C83D7B1D099567005F605A /* Debug */,
				41C83D7C1D099567005F605A /* Release */,
			);
			defaultConfigurationIsVisible = 0;
			defaultConfigurationName = Release;
		};
/* End XCConfigurationList section */
	};
	rootObject = 41C83D5B1D099566005F605A /* Project object */;
}
